
Microsoft Visual Studio Solution File, Format Version 12.00
# Visual Studio Version 17
VisualStudioVersion = 17.10.34928.147
MinimumVisualStudioVersion = 10.0.40219.1
Project("{FAE04EC0-301F-11D3-BF4B-00C04F79EFBC}") = "work-calendar-app", "work-calendar-app\work-calendar-app.csproj", "{B8A562E7-2209-4DB3-9C7E-4D6F3939FB5F}"
EndProject
Global
	GlobalSection(SolutionConfigurationPlatforms) = preSolution
		Debug|Any CPU = Debug|Any CPU
		Release|Any CPU = Release|Any CPU
	EndGlobalSection
	GlobalSection(ProjectConfigurationPlatforms) = postSolution
		{B8A562E7-2209-4DB3-9C7E-4D6F3939FB5F}.Debug|Any CPU.ActiveCfg = Debug|Any CPU
		{B8A562E7-2209-4DB3-9C7E-4D6F3939FB5F}.Debug|Any CPU.Build.0 = Debug|Any CPU
		{B8A562E7-2209-4DB3-9C7E-4D6F3939FB5F}.Release|Any CPU.ActiveCfg = Release|Any CPU
		{B8A562E7-2209-4DB3-9C7E-4D6F3939FB5F}.Release|Any CPU.Build.0 = Release|Any CPU
	EndGlobalSection
	GlobalSection(SolutionProperties) = preSolution
		HideSolutionNode = FALSE
	EndGlobalSection
	GlobalSection(ExtensibilityGlobals) = postSolution
		SolutionGuid = {152A1646-3F21-490E-B992-2B919430D846}
	EndGlobalSection
EndGlobal
